PODS:
  - Alamofire (5.10.1)
  - IQKeyboardCore (1.0.5)
  - IQKeyboardManagerSwift (7.2.0):
    - IQKeyboardManagerSwift/Appearance (= 7.2.0)
    - IQKeyboardManagerSwift/Core (= 7.2.0)
    - IQKeyboardManagerSwift/IQKeyboardReturnKeyHandler (= 7.2.0)
    - IQKeyboardManagerSwift/IQKeyboardToolbarManager (= 7.2.0)
    - IQKeyboardManagerSwift/IQTextView (= 7.2.0)
    - IQKeyboardManagerSwift/Resign (= 7.2.0)
    - IQKeyboardNotification (= 1.0.3)
    - IQTextInputViewNotification (= 1.0.5)
  - IQKeyboardManagerSwift/Appearance (7.2.0):
    - IQKeyboardManagerSwift/Core
    - IQKeyboardNotification (= 1.0.3)
    - IQTextInputViewNotification (= 1.0.5)
  - IQKeyboardManagerSwift/Core (7.2.0):
    - IQKeyboardNotification (= 1.0.3)
    - IQTextInputViewNotification (= 1.0.5)
  - IQKeyboardManagerSwift/IQKeyboardReturnKeyHandler (7.2.0):
    - IQKeyboardNotification (= 1.0.3)
    - IQTextInputViewNotification (= 1.0.5)
  - IQKeyboardManagerSwift/IQKeyboardToolbarManager (7.2.0):
    - IQKeyboardManagerSwift/Core
    - IQKeyboardManagerSwift/IQKeyboardToolbarManager/IQKeyboardToolbar (= 7.2.0)
    - IQKeyboardNotification (= 1.0.3)
    - IQTextInputViewNotification (= 1.0.5)
  - IQKeyboardManagerSwift/IQKeyboardToolbarManager/IQKeyboardToolbar (7.2.0):
    - IQKeyboardManagerSwift/Core
    - IQKeyboardNotification (= 1.0.3)
    - IQTextInputViewNotification (= 1.0.5)
  - IQKeyboardManagerSwift/IQTextView (7.2.0):
    - IQKeyboardManagerSwift/IQKeyboardToolbarManager/IQKeyboardToolbar
    - IQKeyboardNotification (= 1.0.3)
    - IQTextInputViewNotification (= 1.0.5)
  - IQKeyboardManagerSwift/Resign (7.2.0):
    - IQKeyboardManagerSwift/Core
    - IQKeyboardNotification (= 1.0.3)
    - IQTextInputViewNotification (= 1.0.5)
  - IQKeyboardNotification (1.0.3)
  - IQTextInputViewNotification (1.0.5):
    - IQKeyboardCore (= 1.0.5)
  - MBProgressHUD (1.2.0)
  - Moya/Core (15.0.0):
    - Alamofire (~> 5.0)
  - Moya/RxSwift (15.0.0):
    - Moya/Core
    - RxSwift (~> 6.0)
  - RxCocoa (6.8.0):
    - RxRelay (= 6.8.0)
    - RxSwift (= 6.8.0)
  - RxRelay (6.8.0):
    - RxSwift (= 6.8.0)
  - RxSwift (6.8.0)
  - SwiftyBeaver (2.1.1)

DEPENDENCIES:
  - IQKeyboardManagerSwift
  - MBProgressHUD
  - Moya/RxSwift
  - RxCocoa
  - RxSwift
  - SwiftyBeaver

SPEC REPOS:
  trunk:
    - Alamofire
    - IQKeyboardCore
    - IQKeyboardManagerSwift
    - IQKeyboardNotification
    - IQTextInputViewNotification
    - MBProgressHUD
    - Moya
    - RxCocoa
    - RxRelay
    - RxSwift
    - SwiftyBeaver

SPEC CHECKSUMS:
  Alamofire: 840d2a1ad82355b536ec6ba5f97e5bfa54600ca3
  IQKeyboardCore: 28c8bf3bcd8ba5aa1570b318cbc4da94b861711e
  IQKeyboardManagerSwift: 12d6ae3632ef744ccd033c048b566af13cc10d49
  IQKeyboardNotification: d7382c4466c5a5adef92c7452ebf861b36050088
  IQTextInputViewNotification: 4381fb828881983205fbee38f17da8a9fe2e835c
  MBProgressHUD: 3ee5efcc380f6a79a7cc9b363dd669c5e1ae7406
  Moya: 138f0573e53411fb3dc17016add0b748dfbd78ee
  RxCocoa: 2d33c1e1e5d66492052ad46b11024ae287572880
  RxRelay: 335c78b926a2aea8d863a6d25f1ed3b5ad8e8705
  RxSwift: 4e28be97cbcfeee614af26d83415febbf2bf6f45
  SwiftyBeaver: ade157e4f857812e7d7f15f2e3396bb8733f8a1c

PODFILE CHECKSUM: 2deb3bffa0d4628d4c171111d77cbbfc591e094f

COCOAPODS: 1.16.1
